<Solution>
  <Folder Name="/_/">
    <File Path="README.md" />
  </Folder>
  <Project Path="ClusterClientSample.FrontEnd/ClusterClientSample.FrontEnd.csproj" />
  <Project Path="ClusterClientSample.Gateway/ClusterClientSample.Gateway.csproj" />
  <Project Path="ClusterClientSample.Node/ClusterClientSample.Node.csproj" />
  <Project Path="ClusterClientSample.Shared/ClusterClientSample.Shared.csproj" />
  <Project Path="ClusterClientSample.Tests/ClusterClientSample.Tests.csproj" />
</Solution>
